{
  "nodes": {
    "firefox-addons": {
      "inputs": {
        "flake-utils": "flake-utils",
        "nixpkgs": [
          "nixpkgs"
        ]
      },
      "locked": {
        "dir": "pkgs/firefox-addons",
        "lastModified": 1710216240,
        "narHash": "sha256-7O7GZlS3XwjIwW0HPrTToC+jsYTLk6qnAAo/cd/fuSo=",
        "owner": "rycee",
        "repo": "nur-expressions",
        "rev": "30a8c60c621cf3faa4cf4bd8a9dfa1c8e66fd45b",
        "type": "gitlab"
      },
      "original": {
        "dir": "pkgs/firefox-addons",
        "owner": "rycee",
        "repo": "nur-expressions",
        "type": "gitlab"
      }
    },
    "flake-utils": {
      "locked": {
        "lastModified": 1629284811,
        "narHash": "sha256-JHgasjPR0/J1J3DRm4KxM4zTyAj4IOJY8vIl75v/kPI=",
        "owner": "numtide",
        "repo": "flake-utils",
        "rev": "c5d161cc0af116a2e17f54316f0bf43f0819785c",
        "type": "github"
      },
      "original": {
        "owner": "numtide",
        "repo": "flake-utils",
        "type": "github"
      }
    },
    "home-manager": {
      "inputs": {
        "nixpkgs": [
          "nixpkgs"
        ]
      },
      "locked": {
        "lastModified": 1710164657,
        "narHash": "sha256-l64+ZjaQAVkHDVaK0VHwtXBdjcBD6nLBD+p7IfyBp/w=",
        "owner": "nix-community",
        "repo": "home-manager",
        "rev": "017b12de5b899ef9b64e2c035ce257bfe95b8ae2",
        "type": "github"
      },
      "original": {
        "owner": "nix-community",
        "repo": "home-manager",
        "type": "github"
      }
    },
    "nixpkgs": {
      "locked": {
        "lastModified": 1709961763,
        "narHash": "sha256-6H95HGJHhEZtyYA3rIQpvamMKAGoa8Yh2rFV29QnuGw=",
        "owner": "nixos",
        "repo": "nixpkgs",
        "rev": "3030f185ba6a4bf4f18b87f345f104e6a6961f34",
        "type": "github"
      },
      "original": {
        "owner": "nixos",
        "ref": "nixos-unstable",
        "repo": "nixpkgs",
        "type": "github"
      }
    },
    "root": {
      "inputs": {
        "firefox-addons": "firefox-addons",
        "home-manager": "home-manager",
        "nixpkgs": "nixpkgs"
      }
    }
  },
  "root": "root",
  "version": 7
}
